
Microsoft Visual Studio Solution File, Format Version 12.00
# Visual Studio Version 17
VisualStudioVersion = 17.8.34316.72
MinimumVisualStudioVersion = 10.0.40219.1
Project("{FAE04EC0-301F-11D3-BF4B-00C04F79EFBC}") = "Ecosystem", "Ecosystem\Ecosystem.csproj", "{4DFFD9F5-E4D0-3C14-099A-65840A7BB554}"
EndProject
Project("{FAE04EC0-301F-11D3-BF4B-00C04F79EFBC}") = "Ecosystem.Tests", "Ecosystem.Tests\Ecosystem.Tests.csproj", "{991F4A5C-612A-4986-C9B3-4E5A257B104C}"
EndProject
Global
	GlobalSection(SolutionConfigurationPlatforms) = preSolution
		Debug|Any CPU = Debug|Any CPU
		Release|Any CPU = Release|Any CPU
	EndGlobalSection
	GlobalSection(ProjectConfigurationPlatforms) = postSolution
		{4DFFD9F5-E4D0-3C14-099A-65840A7BB554}.Debug|Any CPU.ActiveCfg = Debug|Any CPU
		{4DFFD9F5-E4D0-3C14-099A-65840A7BB554}.Debug|Any CPU.Build.0 = Debug|Any CPU
		{4DFFD9F5-E4D0-3C14-099A-65840A7BB554}.Release|Any CPU.ActiveCfg = Release|Any CPU
		{4DFFD9F5-E4D0-3C14-099A-65840A7BB554}.Release|Any CPU.Build.0 = Release|Any CPU
		{991F4A5C-612A-4986-C9B3-4E5A257B104C}.Debug|Any CPU.ActiveCfg = Debug|Any CPU
		{991F4A5C-612A-4986-C9B3-4E5A257B104C}.Debug|Any CPU.Build.0 = Debug|Any CPU
		{991F4A5C-612A-4986-C9B3-4E5A257B104C}.Release|Any CPU.ActiveCfg = Release|Any CPU
		{991F4A5C-612A-4986-C9B3-4E5A257B104C}.Release|Any CPU.Build.0 = Release|Any CPU
	EndGlobalSection
	GlobalSection(SolutionProperties) = preSolution
		HideSolutionNode = FALSE
	EndGlobalSection
	GlobalSection(ExtensibilityGlobals) = postSolution
		SolutionGuid = {3FF7FE4D-E8F3-4CE0-8725-5889CA38E748}
	EndGlobalSection
EndGlobal
